
Microsoft Visual Studio Solution File, Format Version 12.00
# Visual Studio Version 17
VisualStudioVersion = 17.0.31903.59
MinimumVisualStudioVersion = 10.0.40219.1
Project("{2150E333-8FDC-42A3-9474-1A3956D46DE8}") = "src", "src", "{827E0CD3-B72D-47B6-A68D-7590B98EB39B}"
EndProject
Project("{FAE04EC0-301F-11D3-BF4B-00C04F79EFBC}") = "AuctionService", "src\AuctionService\AuctionService.csproj", "{C800A8A3-1849-4DA1-AB59-2F868723A259}"
EndProject
Project("{FAE04EC0-301F-11D3-BF4B-00C04F79EFBC}") = "SearchService", "src\SearchService\SearchService.csproj", "{E316A89C-FAB6-4B67-B080-D5430302081D}"
EndProject
Project("{FAE04EC0-301F-11D3-BF4B-00C04F79EFBC}") = "Contracts", "src\Contracts\Contracts.csproj", "{9D86A95D-864E-4772-92B1-C6160899EF8F}"
EndProject
Global
	GlobalSection(SolutionConfigurationPlatforms) = preSolution
		Debug|Any CPU = Debug|Any CPU
		Debug|x64 = Debug|x64
		Debug|x86 = Debug|x86
		Release|Any CPU = Release|Any CPU
		Release|x64 = Release|x64
		Release|x86 = Release|x86
	EndGlobalSection
	GlobalSection(ProjectConfigurationPlatforms) = postSolution
		{C800A8A3-1849-4DA1-AB59-2F868723A259}.Debug|Any CPU.ActiveCfg = Debug|Any CPU
		{C800A8A3-1849-4DA1-AB59-2F868723A259}.Debug|Any CPU.Build.0 = Debug|Any CPU
		{C800A8A3-1849-4DA1-AB59-2F868723A259}.Debug|x64.ActiveCfg = Debug|Any CPU
		{C800A8A3-1849-4DA1-AB59-2F868723A259}.Debug|x64.Build.0 = Debug|Any CPU
		{C800A8A3-1849-4DA1-AB59-2F868723A259}.Debug|x86.ActiveCfg = Debug|Any CPU
		{C800A8A3-1849-4DA1-AB59-2F868723A259}.Debug|x86.Build.0 = Debug|Any CPU
		{C800A8A3-1849-4DA1-AB59-2F868723A259}.Release|Any CPU.ActiveCfg = Release|Any CPU
		{C800A8A3-1849-4DA1-AB59-2F868723A259}.Release|Any CPU.Build.0 = Release|Any CPU
		{C800A8A3-1849-4DA1-AB59-2F868723A259}.Release|x64.ActiveCfg = Release|Any CPU
		{C800A8A3-1849-4DA1-AB59-2F868723A259}.Release|x64.Build.0 = Release|Any CPU
		{C800A8A3-1849-4DA1-AB59-2F868723A259}.Release|x86.ActiveCfg = Release|Any CPU
		{C800A8A3-1849-4DA1-AB59-2F868723A259}.Release|x86.Build.0 = Release|Any CPU
		{E316A89C-FAB6-4B67-B080-D5430302081D}.Debug|Any CPU.ActiveCfg = Debug|Any CPU
		{E316A89C-FAB6-4B67-B080-D5430302081D}.Debug|Any CPU.Build.0 = Debug|Any CPU
		{E316A89C-FAB6-4B67-B080-D5430302081D}.Debug|x64.ActiveCfg = Debug|Any CPU
		{E316A89C-FAB6-4B67-B080-D5430302081D}.Debug|x64.Build.0 = Debug|Any CPU
		{E316A89C-FAB6-4B67-B080-D5430302081D}.Debug|x86.ActiveCfg = Debug|Any CPU
		{E316A89C-FAB6-4B67-B080-D5430302081D}.Debug|x86.Build.0 = Debug|Any CPU
		{E316A89C-FAB6-4B67-B080-D5430302081D}.Release|Any CPU.ActiveCfg = Release|Any CPU
		{E316A89C-FAB6-4B67-B080-D5430302081D}.Release|Any CPU.Build.0 = Release|Any CPU
		{E316A89C-FAB6-4B67-B080-D5430302081D}.Release|x64.ActiveCfg = Release|Any CPU
		{E316A89C-FAB6-4B67-B080-D5430302081D}.Release|x64.Build.0 = Release|Any CPU
		{E316A89C-FAB6-4B67-B080-D5430302081D}.Release|x86.ActiveCfg = Release|Any CPU
		{E316A89C-FAB6-4B67-B080-D5430302081D}.Release|x86.Build.0 = Release|Any CPU
		{9D86A95D-864E-4772-92B1-C6160899EF8F}.Debug|Any CPU.ActiveCfg = Debug|Any CPU
		{9D86A95D-864E-4772-92B1-C6160899EF8F}.Debug|Any CPU.Build.0 = Debug|Any CPU
		{9D86A95D-864E-4772-92B1-C6160899EF8F}.Debug|x64.ActiveCfg = Debug|Any CPU
		{9D86A95D-864E-4772-92B1-C6160899EF8F}.Debug|x64.Build.0 = Debug|Any CPU
		{9D86A95D-864E-4772-92B1-C6160899EF8F}.Debug|x86.ActiveCfg = Debug|Any CPU
		{9D86A95D-864E-4772-92B1-C6160899EF8F}.Debug|x86.Build.0 = Debug|Any CPU
		{9D86A95D-864E-4772-92B1-C6160899EF8F}.Release|Any CPU.ActiveCfg = Release|Any CPU
		{9D86A95D-864E-4772-92B1-C6160899EF8F}.Release|Any CPU.Build.0 = Release|Any CPU
		{9D86A95D-864E-4772-92B1-C6160899EF8F}.Release|x64.ActiveCfg = Release|Any CPU
		{9D86A95D-864E-4772-92B1-C6160899EF8F}.Release|x64.Build.0 = Release|Any CPU
		{9D86A95D-864E-4772-92B1-C6160899EF8F}.Release|x86.ActiveCfg = Release|Any CPU
		{9D86A95D-864E-4772-92B1-C6160899EF8F}.Release|x86.Build.0 = Release|Any CPU
	EndGlobalSection
	GlobalSection(SolutionProperties) = preSolution
		HideSolutionNode = FALSE
	EndGlobalSection
	GlobalSection(NestedProjects) = preSolution
		{C800A8A3-1849-4DA1-AB59-2F868723A259} = {827E0CD3-B72D-47B6-A68D-7590B98EB39B}
		{E316A89C-FAB6-4B67-B080-D5430302081D} = {827E0CD3-B72D-47B6-A68D-7590B98EB39B}
		{9D86A95D-864E-4772-92B1-C6160899EF8F} = {827E0CD3-B72D-47B6-A68D-7590B98EB39B}
	EndGlobalSection
EndGlobal
